
Microsoft Visual Studio Solution File, Format Version 12.00
# Visual Studio Version 17
VisualStudioVersion = 17.4.33213.308
MinimumVisualStudioVersion = 10.0.40219.1
Project("{FAE04EC0-301F-11D3-BF4B-00C04F79EFBC}") = "EM.Web", "EM.Web\EM.Web.csproj", "{C6130D0F-33E8-4202-8921-C252F5EDA888}"
EndProject
Project("{FAE04EC0-301F-11D3-BF4B-00C04F79EFBC}") = "EM.Domain", "EM.Domain\EM.Domain.csproj", "{D2792A0C-FE60-4F6C-B488-C5CB79A95DB9}"
EndProject
Project("{FAE04EC0-301F-11D3-BF4B-00C04F79EFBC}") = "EM.Repository", "EM.Repository\EM.Repository.csproj", "{15B1974B-7EE7-43AE-9D6A-5375C6AD7962}"
EndProject
Global
	GlobalSection(SolutionConfigurationPlatforms) = preSolution
		Debug|Any CPU = Debug|Any CPU
		Release|Any CPU = Release|Any CPU
	EndGlobalSection
	GlobalSection(ProjectConfigurationPlatforms) = postSolution
		{C6130D0F-33E8-4202-8921-C252F5EDA888}.Debug|Any CPU.ActiveCfg = Debug|Any CPU
		{C6130D0F-33E8-4202-8921-C252F5EDA888}.Debug|Any CPU.Build.0 = Debug|Any CPU
		{C6130D0F-33E8-4202-8921-C252F5EDA888}.Release|Any CPU.ActiveCfg = Release|Any CPU
		{C6130D0F-33E8-4202-8921-C252F5EDA888}.Release|Any CPU.Build.0 = Release|Any CPU
		{D2792A0C-FE60-4F6C-B488-C5CB79A95DB9}.Debug|Any CPU.ActiveCfg = Debug|Any CPU
		{D2792A0C-FE60-4F6C-B488-C5CB79A95DB9}.Debug|Any CPU.Build.0 = Debug|Any CPU
		{D2792A0C-FE60-4F6C-B488-C5CB79A95DB9}.Release|Any CPU.ActiveCfg = Release|Any CPU
		{D2792A0C-FE60-4F6C-B488-C5CB79A95DB9}.Release|Any CPU.Build.0 = Release|Any CPU
		{15B1974B-7EE7-43AE-9D6A-5375C6AD7962}.Debug|Any CPU.ActiveCfg = Debug|Any CPU
		{15B1974B-7EE7-43AE-9D6A-5375C6AD7962}.Debug|Any CPU.Build.0 = Debug|Any CPU
		{15B1974B-7EE7-43AE-9D6A-5375C6AD7962}.Release|Any CPU.ActiveCfg = Release|Any CPU
		{15B1974B-7EE7-43AE-9D6A-5375C6AD7962}.Release|Any CPU.Build.0 = Release|Any CPU
	EndGlobalSection
	GlobalSection(SolutionProperties) = preSolution
		HideSolutionNode = FALSE
	EndGlobalSection
	GlobalSection(ExtensibilityGlobals) = postSolution
		SolutionGuid = {D9F2BEEC-F5FC-4142-9F9C-DAA6C8D45797}
	EndGlobalSection
EndGlobal
